{
  "name": "acosgames",
  "lockfileVersion": 3,
  "requires": true,
  "packages": {
    "": {
      "dependencies": {
        "acos-json-encoder": "^2.0.24"
      }
    },
    "node_modules/acos-json-encoder": {
      "version": "2.0.24",
      "resolved": "https://registry.npmjs.org/acos-json-encoder/-/acos-json-encoder-2.0.24.tgz",
      "integrity": "sha512-F7W1V4C4SQ5/tr59Ex7OITUXG+TEULAtx4RrXE1gtb0bg+2mlbFXf8d2RJpRkFgkAB1SDyyJ5masvo9nbL0nzw==",
      "license": "MIT"
    }
  }
}
